
Microsoft Visual Studio Solution File, Format Version 12.00
# Visual Studio Version 16
VisualStudioVersion = 16.0.30523.141
MinimumVisualStudioVersion = 10.0.40219.1
Project("{9A19103F-16F7-4668-BE54-9A1E7A4F7556}") = "Assignment1", "Assignment1\Assignment1.csproj", "{F5DCAE8C-7E94-43B9-A474-8C0690E90B4A}"
EndProject
Project("{9A19103F-16F7-4668-BE54-9A1E7A4F7556}") = "Assignment2", "Assignment2\Assignment2.csproj", "{076D37F6-7E10-45B6-BBD3-C1C44D6358BE}"
EndProject
Project("{9A19103F-16F7-4668-BE54-9A1E7A4F7556}") = "Assignment3", "Assignment3\Assignment3.csproj", "{E3A43DB4-7FD8-4D5F-A7EE-72E85B04923A}"
EndProject
Project("{FAE04EC0-301F-11D3-BF4B-00C04F79EFBC}") = "TASK", "TASK\TASK.csproj", "{FE6357DC-0BC8-42C3-8079-3301625CC208}"
EndProject
Global
	GlobalSection(SolutionConfigurationPlatforms) = preSolution
		Debug|Any CPU = Debug|Any CPU
		Release|Any CPU = Release|Any CPU
	EndGlobalSection
	GlobalSection(ProjectConfigurationPlatforms) = postSolution
		{F5DCAE8C-7E94-43B9-A474-8C0690E90B4A}.Debug|Any CPU.ActiveCfg = Debug|Any CPU
		{F5DCAE8C-7E94-43B9-A474-8C0690E90B4A}.Debug|Any CPU.Build.0 = Debug|Any CPU
		{F5DCAE8C-7E94-43B9-A474-8C0690E90B4A}.Release|Any CPU.ActiveCfg = Release|Any CPU
		{F5DCAE8C-7E94-43B9-A474-8C0690E90B4A}.Release|Any CPU.Build.0 = Release|Any CPU
		{076D37F6-7E10-45B6-BBD3-C1C44D6358BE}.Debug|Any CPU.ActiveCfg = Debug|Any CPU
		{076D37F6-7E10-45B6-BBD3-C1C44D6358BE}.Debug|Any CPU.Build.0 = Debug|Any CPU
		{076D37F6-7E10-45B6-BBD3-C1C44D6358BE}.Release|Any CPU.ActiveCfg = Release|Any CPU
		{076D37F6-7E10-45B6-BBD3-C1C44D6358BE}.Release|Any CPU.Build.0 = Release|Any CPU
		{E3A43DB4-7FD8-4D5F-A7EE-72E85B04923A}.Debug|Any CPU.ActiveCfg = Debug|Any CPU
		{E3A43DB4-7FD8-4D5F-A7EE-72E85B04923A}.Debug|Any CPU.Build.0 = Debug|Any CPU
		{E3A43DB4-7FD8-4D5F-A7EE-72E85B04923A}.Release|Any CPU.ActiveCfg = Release|Any CPU
		{E3A43DB4-7FD8-4D5F-A7EE-72E85B04923A}.Release|Any CPU.Build.0 = Release|Any CPU
		{FE6357DC-0BC8-42C3-8079-3301625CC208}.Debug|Any CPU.ActiveCfg = Debug|Any CPU
		{FE6357DC-0BC8-42C3-8079-3301625CC208}.Debug|Any CPU.Build.0 = Debug|Any CPU
		{FE6357DC-0BC8-42C3-8079-3301625CC208}.Release|Any CPU.ActiveCfg = Release|Any CPU
		{FE6357DC-0BC8-42C3-8079-3301625CC208}.Release|Any CPU.Build.0 = Release|Any CPU
	EndGlobalSection
	GlobalSection(SolutionProperties) = preSolution
		HideSolutionNode = FALSE
	EndGlobalSection
	GlobalSection(ExtensibilityGlobals) = postSolution
		SolutionGuid = {00F01B6F-1AA9-4F18-8BA5-E9FB67C26751}
	EndGlobalSection
EndGlobal
